
Microsoft Visual Studio Solution File, Format Version 12.00
# Visual Studio Version 17
VisualStudioVersion = 17.3.32819.101
MinimumVisualStudioVersion = 10.0.40219.1
Project("{FAE04EC0-301F-11D3-BF4B-00C04F79EFBC}") = "hotel1", "hotel1\hotel1.csproj", "{0E53C1B0-E5DA-4911-91B6-85A097B900A2}"
EndProject
Global
	GlobalSection(SolutionConfigurationPlatforms) = preSolution
		Debug|Any CPU = Debug|Any CPU
		Release|Any CPU = Release|Any CPU
	EndGlobalSection
	GlobalSection(ProjectConfigurationPlatforms) = postSolution
		{0E53C1B0-E5DA-4911-91B6-85A097B900A2}.Debug|Any CPU.ActiveCfg = Debug|Any CPU
		{0E53C1B0-E5DA-4911-91B6-85A097B900A2}.Debug|Any CPU.Build.0 = Debug|Any CPU
		{0E53C1B0-E5DA-4911-91B6-85A097B900A2}.Release|Any CPU.ActiveCfg = Release|Any CPU
		{0E53C1B0-E5DA-4911-91B6-85A097B900A2}.Release|Any CPU.Build.0 = Release|Any CPU
	EndGlobalSection
	GlobalSection(SolutionProperties) = preSolution
		HideSolutionNode = FALSE
	EndGlobalSection
	GlobalSection(ExtensibilityGlobals) = postSolution
		SolutionGuid = {7502FF0F-E1EF-40F2-BC55-3390C3478ACB}
	EndGlobalSection
EndGlobal
